
Microsoft Visual Studio Solution File, Format Version 12.00
# Visual Studio Version 17
VisualStudioVersion = 17.7.34018.315
MinimumVisualStudioVersion = 10.0.40219.1
Project("{FAE04EC0-301F-11D3-BF4B-00C04F79EFBC}") = "Calculo_Fatorial", "Daniel_Teste1\Calculo_Fatorial.csproj", "{077816BA-0A50-47AD-B1BC-B00376CAE035}"
EndProject
Global
	GlobalSection(SolutionConfigurationPlatforms) = preSolution
		Debug|Any CPU = Debug|Any CPU
		Release|Any CPU = Release|Any CPU
	EndGlobalSection
	GlobalSection(ProjectConfigurationPlatforms) = postSolution
		{077816BA-0A50-47AD-B1BC-B00376CAE035}.Debug|Any CPU.ActiveCfg = Debug|Any CPU
		{077816BA-0A50-47AD-B1BC-B00376CAE035}.Debug|Any CPU.Build.0 = Debug|Any CPU
		{077816BA-0A50-47AD-B1BC-B00376CAE035}.Release|Any CPU.ActiveCfg = Release|Any CPU
		{077816BA-0A50-47AD-B1BC-B00376CAE035}.Release|Any CPU.Build.0 = Release|Any CPU
	EndGlobalSection
	GlobalSection(SolutionProperties) = preSolution
		HideSolutionNode = FALSE
	EndGlobalSection
	GlobalSection(ExtensibilityGlobals) = postSolution
		SolutionGuid = {553DF32C-BF34-4CC4-9F43-23C596410F00}
	EndGlobalSection
EndGlobal
